# This file is automatically @generated by Cargo.
# It is not intended for manual editing.
version = 4

[[package]]
name = "ForgettableChannel"
version = "0.1.0"

[[package]]
name = "_2022-06-20_looper"
version = "0.1.0"

[[package]]
name = "_2022-07-08_execution-limiter"
version = "0.1.0"

[[package]]
name = "_2022-09-08_dispatcher"
version = "0.1.0"

[[package]]
name = "_2023-01_barrier"
version = "0.1.0"

[[package]]
name = "_2023-06-20"
version = "0.1.0"

[[package]]
name = "_2023-07-07_delayed-queue"
version = "0.1.0"

[[package]]
name = "_2023-09-04_cache"
version = "0.1.0"

[[package]]
name = "_2024-01-22_multi-channel"
version = "0.1.0"

[[package]]
name = "_2024-06-25"
version = "0.1.0"

[[package]]
name = "_2025-06-17_token_manager"
version = "0.1.0"

[[package]]
name = "_2025-07-03_aggregatore_di_misure"
version = "0.1.0"

[[package]]
name = "_2025-07_count_down_lock"
version = "0.1.0"

[[package]]
name = "_2026-01-xx_cache_lru"
version = "0.1.0"
